
Microsoft Visual Studio Solution File, Format Version 12.00
# Visual Studio 15
VisualStudioVersion = 15.0.28010.2048
MinimumVisualStudioVersion = 10.0.40219.1
Project("{FAE04EC0-301F-11D3-BF4B-00C04F79EFBC}") = "5.11.18 HomeWork", "5.11.18 HomeWork\5.11.18 HomeWork.csproj", "{3BA77A95-C015-49EE-8F32-1BCA9103CE25}"
EndProject
Global
	GlobalSection(SolutionConfigurationPlatforms) = preSolution
		Debug|Any CPU = Debug|Any CPU
		Release|Any CPU = Release|Any CPU
	EndGlobalSection
	GlobalSection(ProjectConfigurationPlatforms) = postSolution
		{3BA77A95-C015-49EE-8F32-1BCA9103CE25}.Debug|Any CPU.ActiveCfg = Debug|Any CPU
		{3BA77A95-C015-49EE-8F32-1BCA9103CE25}.Debug|Any CPU.Build.0 = Debug|Any CPU
		{3BA77A95-C015-49EE-8F32-1BCA9103CE25}.Release|Any CPU.ActiveCfg = Release|Any CPU
		{3BA77A95-C015-49EE-8F32-1BCA9103CE25}.Release|Any CPU.Build.0 = Release|Any CPU
	EndGlobalSection
	GlobalSection(SolutionProperties) = preSolution
		HideSolutionNode = FALSE
	EndGlobalSection
	GlobalSection(ExtensibilityGlobals) = postSolution
		SolutionGuid = {64844578-C925-441A-8CF8-3D77ED2140E0}
	EndGlobalSection
EndGlobal
